{
  "name": "maxxxbo.github.io",
  "version": "1.0.0",
  "lockfileVersion": 3,
  "requires": true,
  "packages": {
    "": {
      "name": "maxxxbo.github.io",
      "version": "1.0.0",
      "license": "ISC",
      "devDependencies": {
        "chrome-devtools": "^0.0.0",
        "chrome-devtools-mcp": "^0.13.0"
      }
    },
    "node_modules/chrome-devtools": {
      "version": "0.0.0",
      "resolved": "https://registry.npmjs.org/chrome-devtools/-/chrome-devtools-0.0.0.tgz",
      "integrity": "sha512-eVD9Pp9Guz1GWyj0jhbhG7V7ahpX6LRy13ydGS8kV5+kaGNwlxKS27FbX/RaVniiyE7a0H3pPu8ySvYmv9l51Q==",
      "dev": true,
      "license": "ISC"
    },
    "node_modules/chrome-devtools-mcp": {
      "version": "0.13.0",
      "resolved": "https://registry.npmmirror.com/chrome-devtools-mcp/-/chrome-devtools-mcp-0.13.0.tgz",
      "integrity": "sha512-CgotJczVYe6wG2b5cqwNFq7n4VXIM8qfvfutdzVlABPKf0b99b0TDPuRsWrviCthigSHzhpMyFQW03P5Utt1Fg==",
      "dev": true,
      "license": "Apache-2.0",
      "bin": {
        "chrome-devtools-mcp": "build/src/index.js"
      },
      "engines": {
        "node": "^20.19.0 || ^22.12.0 || >=23"
      }
    }
  }
}
